{
    "_meta": {
        "hash": {
            "sha256": "updated"
        },
        "pipfile-spec": 6,
        "requires": {
            "python_version": "3.12"
        },
        "sources": [
            {
                "name": "pypi",
                "url": "https://pypi.org/simple",
                "verify_ssl": true
            }
        ]
    },
    "default": {
        "build": {
            "hashes": [],
            "index": "pypi",
            "markers": "python_version >= '3.8'",
            "version": "*"
        },
        "pytest": {
            "hashes": [],
            "index": "pypi",
            "markers": "python_version >= '3.8'",
            "version": "*"
        },
        "twine": {
            "hashes": [],
            "index": "pypi",  
            "markers": "python_version >= '3.8'",
            "version": "*"
        }
    },
    "develop": {
        "pytest-cov": {
            "hashes": [],
            "index": "pypi",
            "markers": "python_version >= '3.9'",
            "version": "*"
        }
    }
}